
Microsoft Visual Studio Solution File, Format Version 12.00
# Visual Studio Version 17
VisualStudioVersion = 17.13.35825.156 d17.13
MinimumVisualStudioVersion = 10.0.40219.1
Project("{FAE04EC0-301F-11D3-BF4B-00C04F79EFBC}") = "ReqIFBridge", "ReqIFBridge.csproj", "{BAFBB68B-F122-4010-B3E4-819079F2834C}"
EndProject
Global
	GlobalSection(SolutionConfigurationPlatforms) = preSolution
		Debug|Any CPU = Debug|Any CPU
		Release|Any CPU = Release|Any CPU
	EndGlobalSection
	GlobalSection(ProjectConfigurationPlatforms) = postSolution
		{BAFBB68B-F122-4010-B3E4-819079F2834C}.Debug|Any CPU.ActiveCfg = Debug|Any CPU
		{BAFBB68B-F122-4010-B3E4-819079F2834C}.Debug|Any CPU.Build.0 = Debug|Any CPU
		{BAFBB68B-F122-4010-B3E4-819079F2834C}.Release|Any CPU.ActiveCfg = Release|Any CPU
		{BAFBB68B-F122-4010-B3E4-819079F2834C}.Release|Any CPU.Build.0 = Release|Any CPU
	EndGlobalSection
	GlobalSection(SolutionProperties) = preSolution
		HideSolutionNode = FALSE
	EndGlobalSection
	GlobalSection(ExtensibilityGlobals) = postSolution
		SolutionGuid = {3408BB5F-DFD5-44A2-96A6-25A95CA2C7F1}
	EndGlobalSection
EndGlobal
